{
  "object": {
    "pins": [
      {
        "package": "ArgParse",
        "repositoryURL": "https://github.com/dmulholland/ArgParse",
        "state": {
          "branch": null,
          "revision": "bf716948e7f8429021e2672ae7abdf40e5b07970",
          "version": "0.4.0"
        }
      },
      {
        "package": "SwiftPM",
        "repositoryURL": "https://github.com/apple/swift-package-manager.git",
        "state": {
          "branch": null,
          "revision": "63a01220e93271dc3bf204b9e13dd1aeb2beefee",
          "version": "0.2.0"
        }
      },
      {
        "package": "Swifter",
        "repositoryURL": "https://github.com/httpswift/swifter.git",
        "state": {
          "branch": null,
          "revision": "eafa10b5ce4389c497ab7fde0a747661d99e0a4b",
          "version": "1.4.1"
        }
      }
    ]
  },
  "version": 1
}
